
Microsoft Visual Studio Solution File, Format Version 12.00
# Visual Studio 2012
Project("{8BC9CEB8-8B4A-11D0-8D11-00A0C91BC942}") = "assig 2", "assig 2\assig 2.vcxproj", "{799607F6-9F38-4CC5-A5B1-9F49538223E5}"
EndProject
Global
	GlobalSection(SolutionConfigurationPlatforms) = preSolution
		Debug|Win32 = Debug|Win32
		Release|Win32 = Release|Win32
	EndGlobalSection
	GlobalSection(ProjectConfigurationPlatforms) = postSolution
		{799607F6-9F38-4CC5-A5B1-9F49538223E5}.Debug|Win32.ActiveCfg = Debug|Win32
		{799607F6-9F38-4CC5-A5B1-9F49538223E5}.Debug|Win32.Build.0 = Debug|Win32
		{799607F6-9F38-4CC5-A5B1-9F49538223E5}.Release|Win32.ActiveCfg = Release|Win32
		{799607F6-9F38-4CC5-A5B1-9F49538223E5}.Release|Win32.Build.0 = Release|Win32
	EndGlobalSection
	GlobalSection(SolutionProperties) = preSolution
		HideSolutionNode = FALSE
	EndGlobalSection
EndGlobal
